
Microsoft Visual Studio Solution File, Format Version 12.00
# Visual Studio 15
VisualStudioVersion = 15.0.28307.1758
MinimumVisualStudioVersion = 10.0.40219.1
Project("{FAE04EC0-301F-11D3-BF4B-00C04F79EFBC}") = "WindowsFormsApp2", "WindowsFormsApp2\WindowsFormsApp2.csproj", "{3E690ECB-EB9C-403B-8F77-97DAEDD2377D}"
EndProject
Global
	GlobalSection(SolutionConfigurationPlatforms) = preSolution
		Debug|Any CPU = Debug|Any CPU
		Release|Any CPU = Release|Any CPU
	EndGlobalSection
	GlobalSection(ProjectConfigurationPlatforms) = postSolution
		{3E690ECB-EB9C-403B-8F77-97DAEDD2377D}.Debug|Any CPU.ActiveCfg = Debug|Any CPU
		{3E690ECB-EB9C-403B-8F77-97DAEDD2377D}.Debug|Any CPU.Build.0 = Debug|Any CPU
		{3E690ECB-EB9C-403B-8F77-97DAEDD2377D}.Release|Any CPU.ActiveCfg = Release|Any CPU
		{3E690ECB-EB9C-403B-8F77-97DAEDD2377D}.Release|Any CPU.Build.0 = Release|Any CPU
	EndGlobalSection
	GlobalSection(SolutionProperties) = preSolution
		HideSolutionNode = FALSE
	EndGlobalSection
	GlobalSection(ExtensibilityGlobals) = postSolution
		SolutionGuid = {F6ED7AD1-A6C6-4B0B-A081-922A8CA4A567}
	EndGlobalSection
EndGlobal
